
Microsoft Visual Studio Solution File, Format Version 12.00
# Visual Studio Version 16
VisualStudioVersion = 16.0.30621.155
MinimumVisualStudioVersion = 10.0.40219.1
Project("{FAE04EC0-301F-11D3-BF4B-00C04F79EFBC}") = "Tarea_1_Lab_Mod_1_Ejercicio_1", "Tarea_1_Lab_Mod_1_Ejercicio_1\Tarea_1_Lab_Mod_1_Ejercicio_1.csproj", "{8FE94A3F-7DD0-414F-8D6D-4F0C2A3CF760}"
EndProject
Project("{FAE04EC0-301F-11D3-BF4B-00C04F79EFBC}") = "Tarea_1_Lab_Mod_1_Ejercicio_2", "Tarea_1_Lab_Mod_1_Ejercicio_2\Tarea_1_Lab_Mod_1_Ejercicio_2.csproj", "{58AB1EC9-44AA-42E0-85B0-2B358B02743C}"
EndProject
Project("{FAE04EC0-301F-11D3-BF4B-00C04F79EFBC}") = "Tarea_1_Lab_Mod_1_Ejercicio_3", "Tarea_1_Lab_Mod_1_Ejercicio_3\Tarea_1_Lab_Mod_1_Ejercicio_3.csproj", "{01DA2A2C-AC15-4BF6-95F5-10C8D6D8A055}"
EndProject
Project("{FAE04EC0-301F-11D3-BF4B-00C04F79EFBC}") = "Tarea_1_Lab_Mod_1_Ejercicio_4", "Tarea_1_Lab_Mod_1_Ejercicio_4\Tarea_1_Lab_Mod_1_Ejercicio_4.csproj", "{411EFE6B-9DC6-4F37-AA15-FF31BE6142DA}"
EndProject
Project("{FAE04EC0-301F-11D3-BF4B-00C04F79EFBC}") = "Tarea_1_Lab_Mod_2_Ejercicio_1", "Tarea_1_Lab_Mod_2_Ejercicio_1\Tarea_1_Lab_Mod_2_Ejercicio_1.csproj", "{60E9502F-D77A-4519-9998-839394D26E5A}"
EndProject
Project("{FAE04EC0-301F-11D3-BF4B-00C04F79EFBC}") = "Tarea_1_Lab_Mod_2_Ejercicio_2", "Tarea_1_Lab_Mod_2_Ejercicio_2\Tarea_1_Lab_Mod_2_Ejercicio_2.csproj", "{4397A31F-1C0D-4ED7-A4A2-58C1D191DAF5}"
EndProject
Project("{FAE04EC0-301F-11D3-BF4B-00C04F79EFBC}") = "Tarea_1_Lab_Mod_2_Ejercicio_3", "Tarea_1_Lab_Mod_2_Ejercicio_3\Tarea_1_Lab_Mod_2_Ejercicio_3.csproj", "{43CC4F1C-B1B8-4218-9F06-9FC68550A0E1}"
EndProject
Project("{FAE04EC0-301F-11D3-BF4B-00C04F79EFBC}") = "Tarea_2_Demo_Mod_3_Ejercicio_1", "Tarea_2_Demo_Mod_3_Ejercicio_1\Tarea_2_Demo_Mod_3_Ejercicio_1.csproj", "{87E7AE0D-12A5-4C14-BB63-BA42C041606B}"
EndProject
Project("{FAE04EC0-301F-11D3-BF4B-00C04F79EFBC}") = "Tarea_2_Demo_Mod_3_Ejercicio_2", "Tarea_2_Demo_Mod_3_Ejercicio_2\Tarea_2_Demo_Mod_3_Ejercicio_2.csproj", "{E5B83FA2-B36E-418C-B265-1F3A3B9D06AA}"
EndProject
Project("{FAE04EC0-301F-11D3-BF4B-00C04F79EFBC}") = "Tarea 1 Demo Mod 2 Ejercicio 2", "Tarea_1_Demo_Mod_2_Ejercicio_2\Tarea 1 Demo Mod 2 Ejercicio 2.csproj", "{73B477C8-F456-4AE9-B9D8-1F14E3EBF848}"
EndProject
Project("{FAE04EC0-301F-11D3-BF4B-00C04F79EFBC}") = "Tarea_2_Demo_Mod_4_Ejercicio_1", "Tarea_2_Demo_Mod_4_Ejercicio_1\Tarea_2_Demo_Mod_4_Ejercicio_1.csproj", "{89DB4C25-F392-48F1-9606-7AF1D4150D97}"
EndProject
Project("{FAE04EC0-301F-11D3-BF4B-00C04F79EFBC}") = "Tarea_2_Lab_Mod_3_Ejercicio_1", "Tarea_2_Lab_Mod_3_Ejercicio_1\Tarea_2_Lab_Mod_3_Ejercicio_1.csproj", "{8E5FC82F-F511-4FA3-9733-5AC0A4113CEE}"
EndProject
Project("{FAE04EC0-301F-11D3-BF4B-00C04F79EFBC}") = "Tarea_2_Lab_Mod_3_Ejercicio_2", "Tarea_2_Lab_Mod_3_Ejercicio_2\Tarea_2_Lab_Mod_3_Ejercicio_2.csproj", "{DF804A01-8D44-42DD-BE3B-B62451834BDD}"
EndProject
Project("{FAE04EC0-301F-11D3-BF4B-00C04F79EFBC}") = "Tarea_2_Lab_Mod_3_Ejercicio_3", "Tarea_2_Lab_Mod_3_Ejercicio_3\Tarea_2_Lab_Mod_3_Ejercicio_3.csproj", "{BC27A4B5-1F67-494E-AD9B-7D9CD5ECF710}"
EndProject
Project("{FAE04EC0-301F-11D3-BF4B-00C04F79EFBC}") = "Tarea_2_Lab_Mod_4_Ejercicio_1", "Tarea_2_Lab_Mod_4_Ejercicio_1\Tarea_2_Lab_Mod_4_Ejercicio_1.csproj", "{7B276E79-6B11-4C1A-8D30-08970FB572F6}"
EndProject
Project("{FAE04EC0-301F-11D3-BF4B-00C04F79EFBC}") = "Tarea_2_Lab_Mod_4_Ejercicio_3", "Tarea_2_Lab_Mod_4_Ejercicio_3\Tarea_2_Lab_Mod_4_Ejercicio_3.csproj", "{D3BD8ED1-578C-48BF-B5A5-C9A00E8C3B16}"
EndProject
Project("{FAE04EC0-301F-11D3-BF4B-00C04F79EFBC}") = "Tarea_2_Lab_Mod_4_Ejercicio_4", "Tarea_2_Lab_Mod_4_Ejercicio_4\Tarea_2_Lab_Mod_4_Ejercicio_4.csproj", "{FECD0775-D057-4BAF-AED8-C291178BE95C}"
EndProject
Project("{FAE04EC0-301F-11D3-BF4B-00C04F79EFBC}") = "Tarea_3_Demo_Mod_5_Ejercicio_1", "Tarea_3_Demo_Mod_5_Ejercicio_1\Tarea_3_Demo_Mod_5_Ejercicio_1.csproj", "{8B847F02-0834-4E38-A8B0-94B0B6B760AA}"
EndProject
Project("{FAE04EC0-301F-11D3-BF4B-00C04F79EFBC}") = "Tarea_3_Demo_Mod_6_Ejercicio_1", "Tarea_3_Demo_Mod_6_Ejercicio_1\Tarea_3_Demo_Mod_6_Ejercicio_1.csproj", "{767EFC8A-B756-4001-A1B0-7AC9C060CF79}"
EndProject
Project("{FAE04EC0-301F-11D3-BF4B-00C04F79EFBC}") = "Tarea_3_Demo_Mod_6_Ejercicio_2", "Tarea_3_Demo_Mod_6_Ejercicio_2\Tarea_3_Demo_Mod_6_Ejercicio_2.csproj", "{A6E13FBF-19B5-487F-A429-EF939165C1E7}"
EndProject
Project("{FAE04EC0-301F-11D3-BF4B-00C04F79EFBC}") = "Tarea_3_Lab_Mod_5_Ejercicio_1", "Tarea_3_Lab_Mod_5_Ejercicio_1\Tarea_3_Lab_Mod_5_Ejercicio_1.csproj", "{868B9BF3-1E5D-4077-BA65-E13409ED21B1}"
EndProject
Project("{FAE04EC0-301F-11D3-BF4B-00C04F79EFBC}") = "Tarea_3_Lab_Mod_5_Ejercicio_2", "Tarea_3_Lab_Mod_5_Ejercicio_2\Tarea_3_Lab_Mod_5_Ejercicio_2.csproj", "{6D05A88C-57C7-402F-8F4D-89A202DAF1F8}"
EndProject
Project("{FAE04EC0-301F-11D3-BF4B-00C04F79EFBC}") = "Tarea_3_Lab_Mod_5_Ejercicio_3", "Tarea_3_Lab_Mod_5_Ejercicio_3\Tarea_3_Lab_Mod_5_Ejercicio_3.csproj", "{FE4F9A25-58A9-4783-87C8-233079FAA226}"
EndProject
Project("{FAE04EC0-301F-11D3-BF4B-00C04F79EFBC}") = "Tarea_3_Lab_Mod_6_Ejercicio_1", "Tarea_3_Lab_Mod_6_Ejercicio_1\Tarea_3_Lab_Mod_6_Ejercicio_1.csproj", "{8992A3A1-3888-4005-A835-91CECFFA77B3}"
EndProject
Project("{FAE04EC0-301F-11D3-BF4B-00C04F79EFBC}") = "Tarea_3_Lab_Mod_6_Ejercicio_2", "Tarea_3_Lab_Mod_6_Ejercicio_2\Tarea_3_Lab_Mod_6_Ejercicio_2.csproj", "{E0091C96-DA5D-4036-96DC-768ABC5FC2F4}"
EndProject
Project("{FAE04EC0-301F-11D3-BF4B-00C04F79EFBC}") = "Tarea_4_Demo_Mod_7_Ejercicio_1", "Tarea_4_Demo_Mod_7_Ejercicio_1\Tarea_4_Demo_Mod_7_Ejercicio_1.csproj", "{E7E254DD-5603-4C43-8132-52552118AF67}"
EndProject
Project("{FAE04EC0-301F-11D3-BF4B-00C04F79EFBC}") = "Tarea_4_Demo_Mod_7_Ejercicio_1b", "Tarea_4_Demo_Mod_7_Ejercicio_1b\Tarea_4_Demo_Mod_7_Ejercicio_1b.csproj", "{DFA65835-C6F0-43E5-AE1B-B16435E355A4}"
EndProject
Project("{FAE04EC0-301F-11D3-BF4B-00C04F79EFBC}") = "Tarea_4_Demo_Mod_7_Ejercicio_2", "Tarea_4_Demo_Mod_7_Ejercicio_2\Tarea_4_Demo_Mod_7_Ejercicio_2.csproj", "{E27F8D00-3A68-4708-91A0-4440F651EF41}"
EndProject
Project("{FAE04EC0-301F-11D3-BF4B-00C04F79EFBC}") = "Tarea_4_Demo_Mod_8_Ejercicio_1_Infrastructure", "Tarea_4_Demo_Mod_8_Ejercicio_1_Infrastructure\Tarea_4_Demo_Mod_8_Ejercicio_1_Infrastructure.csproj", "{F0D9D607-D7B0-488E-901A-01FE04823392}"
EndProject
Project("{FAE04EC0-301F-11D3-BF4B-00C04F79EFBC}") = "Tarea_4_Demo_Mod_8_Ejercicio_1__DataService", "Tarea_4_Demo_Mod_8_Ejercicio_1__DataService\Tarea_4_Demo_Mod_8_Ejercicio_1__DataService.csproj", "{D5922C1B-A156-4F47-A070-B29DCB028443}"
EndProject
Project("{FAE04EC0-301F-11D3-BF4B-00C04F79EFBC}") = "Tarea_4_Demo_Mod_8_Ejercicio_1_ContactFinder", "Tarea_4_Demo_Mod_8_Ejercicio_1_ContactFinder\Tarea_4_Demo_Mod_8_Ejercicio_1_ContactFinder.csproj", "{B18462F0-0069-4D3B-AC48-D2B3BA1E84CB}"
EndProject
Project("{FAE04EC0-301F-11D3-BF4B-00C04F79EFBC}") = "Tarea_4_Lab_Mod_7_Ejercicio_1.DataModel", "Tarea_4_Lab_Mod_7_Ejercicio_1.DataModel\Tarea_4_Lab_Mod_7_Ejercicio_1.DataModel.csproj", "{F5251913-F527-40C7-96A8-6C079E9B5897}"
EndProject
Project("{FAE04EC0-301F-11D3-BF4B-00C04F79EFBC}") = "Tarea_4_Lab_Mod_7_Ejercicio_1.Prototype", "Tarea_4_Lab_Mod_7_Ejercicio_1.Prototype\Tarea_4_Lab_Mod_7_Ejercicio_1.Prototype.csproj", "{4F0CEAFF-E5D0-483F-86D6-8C8905912EE1}"
EndProject
Project("{FAE04EC0-301F-11D3-BF4B-00C04F79EFBC}") = "Tarea_4_Lab_Mod_7_Ejercicio_2.DataModel", "Tarea_4_Lab_Mod_7_Ejercicio_2.DataModel\Tarea_4_Lab_Mod_7_Ejercicio_2.DataModel.csproj", "{B85979CB-60CC-4149-96B4-7C9D112345A2}"
EndProject
Project("{FAE04EC0-301F-11D3-BF4B-00C04F79EFBC}") = "Tarea_4_Lab_Mod_7_Ejercicio_2.Prototype", "Tarea_4_Lab_Mod_7_Ejercicio_2.Prototype\Tarea_4_Lab_Mod_7_Ejercicio_2.Prototype.csproj", "{A927971B-7386-4288-9DB2-6A29DE339E3A}"
EndProject
Project("{FAE04EC0-301F-11D3-BF4B-00C04F79EFBC}") = "Tarea_4_Lab_Mod_7_Ejercicio_3.DataModel", "Tarea_4_Lab_Mod_7_Ejercicio_3.DataModel\Tarea_4_Lab_Mod_7_Ejercicio_3.DataModel.csproj", "{55A38193-5811-484C-B6A0-1453753691BD}"
EndProject
Project("{FAE04EC0-301F-11D3-BF4B-00C04F79EFBC}") = "Tarea_4_Lab_Mod_7_Ejercicio_3.Prototype", "Tarea_4_Lab_Mod_7_Ejercicio_3.Prototype\Tarea_4_Lab_Mod_7_Ejercicio_3.Prototype.csproj", "{FF3A8259-7E1B-4105-8261-415D1BC52127}"
EndProject
Project("{FAE04EC0-301F-11D3-BF4B-00C04F79EFBC}") = "Tarea_4_Lab_Mod_8_Ejercicio_1.DataModel", "Tarea_4_Lab_Mod_8_Ejercicio_1.DataModel\Tarea_4_Lab_Mod_8_Ejercicio_1.DataModel.csproj", "{0A4AA5B2-D18E-4035-87EF-D40CCAD72411}"
EndProject
Project("{FAE04EC0-301F-11D3-BF4B-00C04F79EFBC}") = "Tarea_4_Lab_Mod_8_Ejercicio_1.Web", "Tarea_4_Lab_Mod_8_Ejercicio_1.Web\Tarea_4_Lab_Mod_8_Ejercicio_1.Web.csproj", "{87E05308-9F37-4424-B23C-D928CD86756D}"
EndProject
Project("{FAE04EC0-301F-11D3-BF4B-00C04F79EFBC}") = "Tarea_4_Lab_Mod_8_Ejercicio_1.Prototype", "Tarea_4_Lab_Mod_8_Ejercicio_1.Prototype\Tarea_4_Lab_Mod_8_Ejercicio_1.Prototype.csproj", "{132A3CA8-74D4-4874-9F90-E00A4BC6B244}"
EndProject
Project("{FAE04EC0-301F-11D3-BF4B-00C04F79EFBC}") = "Tarea_4_Lab_Mod_8_Ejercicio_2.DataModel", "Tarea_4_Lab_Mod_8_Ejercicio_2.DataModel\Tarea_4_Lab_Mod_8_Ejercicio_2.DataModel.csproj", "{08DF14C9-0FC0-4097-933E-69BE05785B0E}"
EndProject
Project("{FAE04EC0-301F-11D3-BF4B-00C04F79EFBC}") = "Tarea_4_Lab_Mod_8_Ejercicio_2.Prototype", "Tarea_4_Lab_Mod_8_Ejercicio_2.Prototype\Tarea_4_Lab_Mod_8_Ejercicio_2.Prototype.csproj", "{C57B69AC-A017-41B8-8D5A-464646B326BF}"
EndProject
Project("{FAE04EC0-301F-11D3-BF4B-00C04F79EFBC}") = "Tarea_4_Lab_Mod_8_Ejercicio_2.Web", "Tarea_4_Lab_Mod_8_Ejercicio_2.Web\Tarea_4_Lab_Mod_8_Ejercicio_2.Web.csproj", "{A5E42968-76E9-4FEC-9FC0-765C572B245D}"
EndProject
Project("{FAE04EC0-301F-11D3-BF4B-00C04F79EFBC}") = "Tarea_4_Lab_Mod_8_Ejercicio_3.DataModel", "Tarea_4_Lab_Mod_8_Ejercicio_3.DataModel\Tarea_4_Lab_Mod_8_Ejercicio_3.DataModel.csproj", "{A882004F-EAB1-4E69-ABC7-5D1F516EEFA4}"
EndProject
Project("{FAE04EC0-301F-11D3-BF4B-00C04F79EFBC}") = "Tarea_4_Lab_Mod_8_Ejercicio_3.Web", "Tarea_4_Lab_Mod_8_Ejercicio_3.Web\Tarea_4_Lab_Mod_8_Ejercicio_3.Web.csproj", "{7415E063-D6DA-4DB0-95F7-1146A368416D}"
EndProject
Project("{FAE04EC0-301F-11D3-BF4B-00C04F79EFBC}") = "Tarea_4_Lab_Mod_8_Ejercicio_3.Prototype", "Tarea_4_Lab_Mod_8_Ejercicio_3.Prototype\Tarea_4_Lab_Mod_8_Ejercicio_3.Prototype.csproj", "{818F717E-D1CD-4AF5-947D-B9E6D9DE7FF9}"
EndProject
Project("{FAE04EC0-301F-11D3-BF4B-00C04F79EFBC}") = "Tarea_6_Demo_Mod_9_Ejercicio_1", "Tarea_6_Demo_Mod_9_Ejercicio_1\Tarea_6_Demo_Mod_9_Ejercicio_1.csproj", "{8DBFAAAD-67F7-4F32-A099-B50C6BEDCA2E}"
EndProject
Project("{FAE04EC0-301F-11D3-BF4B-00C04F79EFBC}") = "Tarea_6_Demo_Mod_10_Ejercicio_2", "Tarea_6_Demo_Mod_10_Ejercicio_2\Tarea_6_Demo_Mod_10_Ejercicio_2.csproj", "{8F196E84-ECA5-428A-AA7C-5EBFAFAC45BD}"
EndProject
Project("{FAE04EC0-301F-11D3-BF4B-00C04F79EFBC}") = "Tarea_6_Demo_Mod_10_Ejercicio_3", "Tarea_6_Demo_Mod_10_Ejercicio_3\Tarea_6_Demo_Mod_10_Ejercicio_3.csproj", "{2EE4433B-F191-4144-A777-BFBB0CC0F868}"
EndProject
Project("{FAE04EC0-301F-11D3-BF4B-00C04F79EFBC}") = "Tarea_6_Lab_Mod_9_Ejercicio_1.DataModel", "Tarea_6_Lab_Mod_9_Ejercicio_1.DataModel\Tarea_6_Lab_Mod_9_Ejercicio_1.DataModel.csproj", "{65C91E37-695F-40A4-8B04-3D82494C6F6A}"
EndProject
Project("{FAE04EC0-301F-11D3-BF4B-00C04F79EFBC}") = "Tarea_6_Lab_Mod_9_Ejercicio_1.Web", "Tarea_6_Lab_Mod_9_Ejercicio_1.Web\Tarea_6_Lab_Mod_9_Ejercicio_1.Web.csproj", "{DD71F076-1078-4415-8DB7-B4375F42248F}"
EndProject
Project("{FAE04EC0-301F-11D3-BF4B-00C04F79EFBC}") = "Tarea_6_Lab_Mod_9_Ejercicio_1.WPF", "Tarea_6_Lab_Mod_9_Ejercicio_1.WPF\Tarea_6_Lab_Mod_9_Ejercicio_1.WPF.csproj", "{7DBE08F6-2CE9-4CEE-B7C8-F52109E0363B}"
EndProject
Project("{FAE04EC0-301F-11D3-BF4B-00C04F79EFBC}") = "Tarea_6_Lab_Mod_9_Ejercicio_2.DataModel", "Tarea_6_Lab_Mod_9_Ejercicio_2.DataModel\Tarea_6_Lab_Mod_9_Ejercicio_2.DataModel.csproj", "{F80DAE23-E7A6-4FE2-9BD0-6BE7D92D1919}"
EndProject
Project("{FAE04EC0-301F-11D3-BF4B-00C04F79EFBC}") = "Tarea_6_Lab_Mod_9_Ejercicio_2.Web", "Tarea_6_Lab_Mod_9_Ejercicio_2.Web\Tarea_6_Lab_Mod_9_Ejercicio_2.Web.csproj", "{CE306588-53E7-49A2-9E32-7B018ACCF38E}"
EndProject
Project("{FAE04EC0-301F-11D3-BF4B-00C04F79EFBC}") = "Tarea_6_Lab_Mod_9_Ejercicio_2.WPF", "Tarea_6_Lab_Mod_9_Ejercicio_2.WPF\Tarea_6_Lab_Mod_9_Ejercicio_2.WPF.csproj", "{A02E3F38-D91C-4A78-8BBD-D736D90C286A}"
EndProject
Project("{FAE04EC0-301F-11D3-BF4B-00C04F79EFBC}") = "Tarea_6_Lab_Mod_9_Ejercicio_3.DataModel", "Tarea_6_Lab_Mod_9_Ejercicio_3.DataModel\Tarea_6_Lab_Mod_9_Ejercicio_3.DataModel.csproj", "{DF0C25B6-AE49-491C-89C9-6E89716C2A14}"
EndProject
Project("{FAE04EC0-301F-11D3-BF4B-00C04F79EFBC}") = "Tarea_6_Lab_Mod_9_Ejercicio_3.Web", "Tarea_6_Lab_Mod_9_Ejercicio_3.Web\Tarea_6_Lab_Mod_9_Ejercicio_3.Web.csproj", "{4EDC8E30-4105-4431-9712-690C1148D982}"
EndProject
Project("{FAE04EC0-301F-11D3-BF4B-00C04F79EFBC}") = "Tarea_6_Lab_Mod_9_Ejercicio_3.WPF", "Tarea_6_Lab_Mod_9_Ejercicio_3.WPF\Tarea_6_Lab_Mod_9_Ejercicio_3.WPF.csproj", "{F73474BE-29F8-407D-9F1D-2918E524107A}"
EndProject
Project("{FAE04EC0-301F-11D3-BF4B-00C04F79EFBC}") = "Tarea_6_Lab_Mod_10_Ejercicio_1.DataModel", "Tarea_6_Lab_Mod_10_Ejercicio_1.DataModel\Tarea_6_Lab_Mod_10_Ejercicio_1.DataModel.csproj", "{CE4043A7-0693-4EB1-9E85-77B2605DA9CD}"
EndProject
Project("{FAE04EC0-301F-11D3-BF4B-00C04F79EFBC}") = "Tarea_6_Lab_Mod_10_Ejercicio_1.Web", "Tarea_6_Lab_Mod_10_Ejercicio_1.Web\Tarea_6_Lab_Mod_10_Ejercicio_1.Web.csproj", "{3172F151-4AC3-4916-A30F-3F86E74F7597}"
EndProject
Project("{FAE04EC0-301F-11D3-BF4B-00C04F79EFBC}") = "Tarea_6_Lab_Mod_10_Ejercicio_1.WPF", "Tarea_6_Lab_Mod_10_Ejercicio_1.WPF\Tarea_6_Lab_Mod_10_Ejercicio_1.WPF.csproj", "{C8021FFE-3775-40F0-9279-8C2B9D5ABEA0}"
EndProject
Project("{FAE04EC0-301F-11D3-BF4B-00C04F79EFBC}") = "Tarea_6_Lab_Mod_10_Ejercicio_2.DataModel", "Tarea_6_Lab_Mod_10_Ejercicio_2.DataModel\Tarea_6_Lab_Mod_10_Ejercicio_2.DataModel.csproj", "{8E3FA03C-99C1-4045-A85E-22837BB929B5}"
EndProject
Project("{FAE04EC0-301F-11D3-BF4B-00C04F79EFBC}") = "Tarea_6_Lab_Mod_10_Ejercicio_2.Web", "Tarea_6_Lab_Mod_10_Ejercicio_2.Web\Tarea_6_Lab_Mod_10_Ejercicio_2.Web.csproj", "{A7B18679-1BD7-46EC-B6E3-49582B0A0C94}"
EndProject
Project("{FAE04EC0-301F-11D3-BF4B-00C04F79EFBC}") = "Tarea_6_Lab_Mod_10_Ejercicio_2.WPF", "Tarea_6_Lab_Mod_10_Ejercicio_2.WPF\Tarea_6_Lab_Mod_10_Ejercicio_2.WPF.csproj", "{79C05144-D0B6-40C7-92E6-F556F23D6BC7}"
EndProject
Project("{FAE04EC0-301F-11D3-BF4B-00C04F79EFBC}") = "Tarea_7_Demo_Mod_13_Ejercicio_1", "Tarea_7_Demo_Mod_13_Ejercicio_1\Tarea_7_Demo_Mod_13_Ejercicio_1.csproj", "{B29CC444-C9B7-4EE2-8C59-6B5EDA23A279}"
EndProject
Project("{FAE04EC0-301F-11D3-BF4B-00C04F79EFBC}") = "Tarea_7_Demo_Mod_13_Ejercicio_2", "Tarea_7_Demo_Mod_13_Ejercicio_2\Tarea_7_Demo_Mod_13_Ejercicio_2.csproj", "{433D6ACA-48C5-4A1E-8307-21066CC2C219}"
EndProject
Global
	GlobalSection(SolutionConfigurationPlatforms) = preSolution
		Debug|Any CPU = Debug|Any CPU
		Debug|x86 = Debug|x86
		Release|Any CPU = Release|Any CPU
		Release|x86 = Release|x86
	EndGlobalSection
	GlobalSection(ProjectConfigurationPlatforms) = postSolution
		{8FE94A3F-7DD0-414F-8D6D-4F0C2A3CF760}.Debug|Any CPU.ActiveCfg = Debug|Any CPU
		{8FE94A3F-7DD0-414F-8D6D-4F0C2A3CF760}.Debug|Any CPU.Build.0 = Debug|Any CPU
		{8FE94A3F-7DD0-414F-8D6D-4F0C2A3CF760}.Debug|x86.ActiveCfg = Debug|Any CPU
		{8FE94A3F-7DD0-414F-8D6D-4F0C2A3CF760}.Debug|x86.Build.0 = Debug|Any CPU
		{8FE94A3F-7DD0-414F-8D6D-4F0C2A3CF760}.Release|Any CPU.ActiveCfg = Release|Any CPU
		{8FE94A3F-7DD0-414F-8D6D-4F0C2A3CF760}.Release|Any CPU.Build.0 = Release|Any CPU
		{8FE94A3F-7DD0-414F-8D6D-4F0C2A3CF760}.Release|x86.ActiveCfg = Release|Any CPU
		{8FE94A3F-7DD0-414F-8D6D-4F0C2A3CF760}.Release|x86.Build.0 = Release|Any CPU
		{58AB1EC9-44AA-42E0-85B0-2B358B02743C}.Debug|Any CPU.ActiveCfg = Debug|Any CPU
		{58AB1EC9-44AA-42E0-85B0-2B358B02743C}.Debug|Any CPU.Build.0 = Debug|Any CPU
		{58AB1EC9-44AA-42E0-85B0-2B358B02743C}.Debug|x86.ActiveCfg = Debug|Any CPU
		{58AB1EC9-44AA-42E0-85B0-2B358B02743C}.Debug|x86.Build.0 = Debug|Any CPU
		{58AB1EC9-44AA-42E0-85B0-2B358B02743C}.Release|Any CPU.ActiveCfg = Release|Any CPU
		{58AB1EC9-44AA-42E0-85B0-2B358B02743C}.Release|Any CPU.Build.0 = Release|Any CPU
		{58AB1EC9-44AA-42E0-85B0-2B358B02743C}.Release|x86.ActiveCfg = Release|Any CPU
		{58AB1EC9-44AA-42E0-85B0-2B358B02743C}.Release|x86.Build.0 = Release|Any CPU
		{01DA2A2C-AC15-4BF6-95F5-10C8D6D8A055}.Debug|Any CPU.ActiveCfg = Debug|Any CPU
		{01DA2A2C-AC15-4BF6-95F5-10C8D6D8A055}.Debug|Any CPU.Build.0 = Debug|Any CPU
		{01DA2A2C-AC15-4BF6-95F5-10C8D6D8A055}.Debug|x86.ActiveCfg = Debug|Any CPU
		{01DA2A2C-AC15-4BF6-95F5-10C8D6D8A055}.Debug|x86.Build.0 = Debug|Any CPU
		{01DA2A2C-AC15-4BF6-95F5-10C8D6D8A055}.Release|Any CPU.ActiveCfg = Release|Any CPU
		{01DA2A2C-AC15-4BF6-95F5-10C8D6D8A055}.Release|Any CPU.Build.0 = Release|Any CPU
		{01DA2A2C-AC15-4BF6-95F5-10C8D6D8A055}.Release|x86.ActiveCfg = Release|Any CPU
		{01DA2A2C-AC15-4BF6-95F5-10C8D6D8A055}.Release|x86.Build.0 = Release|Any CPU
		{411EFE6B-9DC6-4F37-AA15-FF31BE6142DA}.Debug|Any CPU.ActiveCfg = Debug|Any CPU
		{411EFE6B-9DC6-4F37-AA15-FF31BE6142DA}.Debug|Any CPU.Build.0 = Debug|Any CPU
		{411EFE6B-9DC6-4F37-AA15-FF31BE6142DA}.Debug|x86.ActiveCfg = Debug|Any CPU
		{411EFE6B-9DC6-4F37-AA15-FF31BE6142DA}.Debug|x86.Build.0 = Debug|Any CPU
		{411EFE6B-9DC6-4F37-AA15-FF31BE6142DA}.Release|Any CPU.ActiveCfg = Release|Any CPU
		{411EFE6B-9DC6-4F37-AA15-FF31BE6142DA}.Release|Any CPU.Build.0 = Release|Any CPU
		{411EFE6B-9DC6-4F37-AA15-FF31BE6142DA}.Release|x86.ActiveCfg = Release|Any CPU
		{411EFE6B-9DC6-4F37-AA15-FF31BE6142DA}.Release|x86.Build.0 = Release|Any CPU
		{60E9502F-D77A-4519-9998-839394D26E5A}.Debug|Any CPU.ActiveCfg = Debug|Any CPU
		{60E9502F-D77A-4519-9998-839394D26E5A}.Debug|Any CPU.Build.0 = Debug|Any CPU
		{60E9502F-D77A-4519-9998-839394D26E5A}.Debug|x86.ActiveCfg = Debug|Any CPU
		{60E9502F-D77A-4519-9998-839394D26E5A}.Debug|x86.Build.0 = Debug|Any CPU
		{60E9502F-D77A-4519-9998-839394D26E5A}.Release|Any CPU.ActiveCfg = Release|Any CPU
		{60E9502F-D77A-4519-9998-839394D26E5A}.Release|Any CPU.Build.0 = Release|Any CPU
		{60E9502F-D77A-4519-9998-839394D26E5A}.Release|x86.ActiveCfg = Release|Any CPU
		{60E9502F-D77A-4519-9998-839394D26E5A}.Release|x86.Build.0 = Release|Any CPU
		{4397A31F-1C0D-4ED7-A4A2-58C1D191DAF5}.Debug|Any CPU.ActiveCfg = Debug|Any CPU
		{4397A31F-1C0D-4ED7-A4A2-58C1D191DAF5}.Debug|Any CPU.Build.0 = Debug|Any CPU
		{4397A31F-1C0D-4ED7-A4A2-58C1D191DAF5}.Debug|x86.ActiveCfg = Debug|Any CPU
		{4397A31F-1C0D-4ED7-A4A2-58C1D191DAF5}.Debug|x86.Build.0 = Debug|Any CPU
		{4397A31F-1C0D-4ED7-A4A2-58C1D191DAF5}.Release|Any CPU.ActiveCfg = Release|Any CPU
		{4397A31F-1C0D-4ED7-A4A2-58C1D191DAF5}.Release|Any CPU.Build.0 = Release|Any CPU
		{4397A31F-1C0D-4ED7-A4A2-58C1D191DAF5}.Release|x86.ActiveCfg = Release|Any CPU
		{4397A31F-1C0D-4ED7-A4A2-58C1D191DAF5}.Release|x86.Build.0 = Release|Any CPU
		{43CC4F1C-B1B8-4218-9F06-9FC68550A0E1}.Debug|Any CPU.ActiveCfg = Debug|Any CPU
		{43CC4F1C-B1B8-4218-9F06-9FC68550A0E1}.Debug|Any CPU.Build.0 = Debug|Any CPU
		{43CC4F1C-B1B8-4218-9F06-9FC68550A0E1}.Debug|x86.ActiveCfg = Debug|Any CPU
		{43CC4F1C-B1B8-4218-9F06-9FC68550A0E1}.Debug|x86.Build.0 = Debug|Any CPU
		{43CC4F1C-B1B8-4218-9F06-9FC68550A0E1}.Release|Any CPU.ActiveCfg = Release|Any CPU
		{43CC4F1C-B1B8-4218-9F06-9FC68550A0E1}.Release|Any CPU.Build.0 = Release|Any CPU
		{43CC4F1C-B1B8-4218-9F06-9FC68550A0E1}.Release|x86.ActiveCfg = Release|Any CPU
		{43CC4F1C-B1B8-4218-9F06-9FC68550A0E1}.Release|x86.Build.0 = Release|Any CPU
		{87E7AE0D-12A5-4C14-BB63-BA42C041606B}.Debug|Any CPU.ActiveCfg = Debug|Any CPU
		{87E7AE0D-12A5-4C14-BB63-BA42C041606B}.Debug|Any CPU.Build.0 = Debug|Any CPU
		{87E7AE0D-12A5-4C14-BB63-BA42C041606B}.Debug|x86.ActiveCfg = Debug|Any CPU
		{87E7AE0D-12A5-4C14-BB63-BA42C041606B}.Debug|x86.Build.0 = Debug|Any CPU
		{87E7AE0D-12A5-4C14-BB63-BA42C041606B}.Release|Any CPU.ActiveCfg = Release|Any CPU
		{87E7AE0D-12A5-4C14-BB63-BA42C041606B}.Release|Any CPU.Build.0 = Release|Any CPU
		{87E7AE0D-12A5-4C14-BB63-BA42C041606B}.Release|x86.ActiveCfg = Release|Any CPU
		{87E7AE0D-12A5-4C14-BB63-BA42C041606B}.Release|x86.Build.0 = Release|Any CPU
		{E5B83FA2-B36E-418C-B265-1F3A3B9D06AA}.Debug|Any CPU.ActiveCfg = Debug|Any CPU
		{E5B83FA2-B36E-418C-B265-1F3A3B9D06AA}.Debug|Any CPU.Build.0 = Debug|Any CPU
		{E5B83FA2-B36E-418C-B265-1F3A3B9D06AA}.Debug|x86.ActiveCfg = Debug|Any CPU
		{E5B83FA2-B36E-418C-B265-1F3A3B9D06AA}.Debug|x86.Build.0 = Debug|Any CPU
		{E5B83FA2-B36E-418C-B265-1F3A3B9D06AA}.Release|Any CPU.ActiveCfg = Release|Any CPU
		{E5B83FA2-B36E-418C-B265-1F3A3B9D06AA}.Release|Any CPU.Build.0 = Release|Any CPU
		{E5B83FA2-B36E-418C-B265-1F3A3B9D06AA}.Release|x86.ActiveCfg = Release|Any CPU
		{E5B83FA2-B36E-418C-B265-1F3A3B9D06AA}.Release|x86.Build.0 = Release|Any CPU
		{73B477C8-F456-4AE9-B9D8-1F14E3EBF848}.Debug|Any CPU.ActiveCfg = Debug|Any CPU
		{73B477C8-F456-4AE9-B9D8-1F14E3EBF848}.Debug|Any CPU.Build.0 = Debug|Any CPU
		{73B477C8-F456-4AE9-B9D8-1F14E3EBF848}.Debug|x86.ActiveCfg = Debug|Any CPU
		{73B477C8-F456-4AE9-B9D8-1F14E3EBF848}.Debug|x86.Build.0 = Debug|Any CPU
		{73B477C8-F456-4AE9-B9D8-1F14E3EBF848}.Release|Any CPU.ActiveCfg = Release|Any CPU
		{73B477C8-F456-4AE9-B9D8-1F14E3EBF848}.Release|Any CPU.Build.0 = Release|Any CPU
		{73B477C8-F456-4AE9-B9D8-1F14E3EBF848}.Release|x86.ActiveCfg = Release|Any CPU
		{73B477C8-F456-4AE9-B9D8-1F14E3EBF848}.Release|x86.Build.0 = Release|Any CPU
		{89DB4C25-F392-48F1-9606-7AF1D4150D97}.Debug|Any CPU.ActiveCfg = Debug|Any CPU
		{89DB4C25-F392-48F1-9606-7AF1D4150D97}.Debug|Any CPU.Build.0 = Debug|Any CPU
		{89DB4C25-F392-48F1-9606-7AF1D4150D97}.Debug|x86.ActiveCfg = Debug|Any CPU
		{89DB4C25-F392-48F1-9606-7AF1D4150D97}.Debug|x86.Build.0 = Debug|Any CPU
		{89DB4C25-F392-48F1-9606-7AF1D4150D97}.Release|Any CPU.ActiveCfg = Release|Any CPU
		{89DB4C25-F392-48F1-9606-7AF1D4150D97}.Release|Any CPU.Build.0 = Release|Any CPU
		{89DB4C25-F392-48F1-9606-7AF1D4150D97}.Release|x86.ActiveCfg = Release|Any CPU
		{89DB4C25-F392-48F1-9606-7AF1D4150D97}.Release|x86.Build.0 = Release|Any CPU
		{8E5FC82F-F511-4FA3-9733-5AC0A4113CEE}.Debug|Any CPU.ActiveCfg = Debug|Any CPU
		{8E5FC82F-F511-4FA3-9733-5AC0A4113CEE}.Debug|Any CPU.Build.0 = Debug|Any CPU
		{8E5FC82F-F511-4FA3-9733-5AC0A4113CEE}.Debug|x86.ActiveCfg = Debug|Any CPU
		{8E5FC82F-F511-4FA3-9733-5AC0A4113CEE}.Debug|x86.Build.0 = Debug|Any CPU
		{8E5FC82F-F511-4FA3-9733-5AC0A4113CEE}.Release|Any CPU.ActiveCfg = Release|Any CPU
		{8E5FC82F-F511-4FA3-9733-5AC0A4113CEE}.Release|Any CPU.Build.0 = Release|Any CPU
		{8E5FC82F-F511-4FA3-9733-5AC0A4113CEE}.Release|x86.ActiveCfg = Release|Any CPU
		{8E5FC82F-F511-4FA3-9733-5AC0A4113CEE}.Release|x86.Build.0 = Release|Any CPU
		{DF804A01-8D44-42DD-BE3B-B62451834BDD}.Debug|Any CPU.ActiveCfg = Debug|Any CPU
		{DF804A01-8D44-42DD-BE3B-B62451834BDD}.Debug|Any CPU.Build.0 = Debug|Any CPU
		{DF804A01-8D44-42DD-BE3B-B62451834BDD}.Debug|x86.ActiveCfg = Debug|Any CPU
		{DF804A01-8D44-42DD-BE3B-B62451834BDD}.Debug|x86.Build.0 = Debug|Any CPU
		{DF804A01-8D44-42DD-BE3B-B62451834BDD}.Release|Any CPU.ActiveCfg = Release|Any CPU
		{DF804A01-8D44-42DD-BE3B-B62451834BDD}.Release|Any CPU.Build.0 = Release|Any CPU
		{DF804A01-8D44-42DD-BE3B-B62451834BDD}.Release|x86.ActiveCfg = Release|Any CPU
		{DF804A01-8D44-42DD-BE3B-B62451834BDD}.Release|x86.Build.0 = Release|Any CPU
		{BC27A4B5-1F67-494E-AD9B-7D9CD5ECF710}.Debug|Any CPU.ActiveCfg = Debug|Any CPU
		{BC27A4B5-1F67-494E-AD9B-7D9CD5ECF710}.Debug|Any CPU.Build.0 = Debug|Any CPU
		{BC27A4B5-1F67-494E-AD9B-7D9CD5ECF710}.Debug|x86.ActiveCfg = Debug|Any CPU
		{BC27A4B5-1F67-494E-AD9B-7D9CD5ECF710}.Debug|x86.Build.0 = Debug|Any CPU
		{BC27A4B5-1F67-494E-AD9B-7D9CD5ECF710}.Release|Any CPU.ActiveCfg = Release|Any CPU
		{BC27A4B5-1F67-494E-AD9B-7D9CD5ECF710}.Release|Any CPU.Build.0 = Release|Any CPU
		{BC27A4B5-1F67-494E-AD9B-7D9CD5ECF710}.Release|x86.ActiveCfg = Release|Any CPU
		{BC27A4B5-1F67-494E-AD9B-7D9CD5ECF710}.Release|x86.Build.0 = Release|Any CPU
		{7B276E79-6B11-4C1A-8D30-08970FB572F6}.Debug|Any CPU.ActiveCfg = Debug|Any CPU
		{7B276E79-6B11-4C1A-8D30-08970FB572F6}.Debug|Any CPU.Build.0 = Debug|Any CPU
		{7B276E79-6B11-4C1A-8D30-08970FB572F6}.Debug|x86.ActiveCfg = Debug|Any CPU
		{7B276E79-6B11-4C1A-8D30-08970FB572F6}.Debug|x86.Build.0 = Debug|Any CPU
		{7B276E79-6B11-4C1A-8D30-08970FB572F6}.Release|Any CPU.ActiveCfg = Release|Any CPU
		{7B276E79-6B11-4C1A-8D30-08970FB572F6}.Release|Any CPU.Build.0 = Release|Any CPU
		{7B276E79-6B11-4C1A-8D30-08970FB572F6}.Release|x86.ActiveCfg = Release|Any CPU
		{7B276E79-6B11-4C1A-8D30-08970FB572F6}.Release|x86.Build.0 = Release|Any CPU
		{D3BD8ED1-578C-48BF-B5A5-C9A00E8C3B16}.Debug|Any CPU.ActiveCfg = Debug|Any CPU
		{D3BD8ED1-578C-48BF-B5A5-C9A00E8C3B16}.Debug|Any CPU.Build.0 = Debug|Any CPU
		{D3BD8ED1-578C-48BF-B5A5-C9A00E8C3B16}.Debug|x86.ActiveCfg = Debug|Any CPU
		{D3BD8ED1-578C-48BF-B5A5-C9A00E8C3B16}.Debug|x86.Build.0 = Debug|Any CPU
		{D3BD8ED1-578C-48BF-B5A5-C9A00E8C3B16}.Release|Any CPU.ActiveCfg = Release|Any CPU
		{D3BD8ED1-578C-48BF-B5A5-C9A00E8C3B16}.Release|Any CPU.Build.0 = Release|Any CPU
		{D3BD8ED1-578C-48BF-B5A5-C9A00E8C3B16}.Release|x86.ActiveCfg = Release|Any CPU
		{D3BD8ED1-578C-48BF-B5A5-C9A00E8C3B16}.Release|x86.Build.0 = Release|Any CPU
		{FECD0775-D057-4BAF-AED8-C291178BE95C}.Debug|Any CPU.ActiveCfg = Debug|Any CPU
		{FECD0775-D057-4BAF-AED8-C291178BE95C}.Debug|Any CPU.Build.0 = Debug|Any CPU
		{FECD0775-D057-4BAF-AED8-C291178BE95C}.Debug|x86.ActiveCfg = Debug|Any CPU
		{FECD0775-D057-4BAF-AED8-C291178BE95C}.Debug|x86.Build.0 = Debug|Any CPU
		{FECD0775-D057-4BAF-AED8-C291178BE95C}.Release|Any CPU.ActiveCfg = Release|Any CPU
		{FECD0775-D057-4BAF-AED8-C291178BE95C}.Release|Any CPU.Build.0 = Release|Any CPU
		{FECD0775-D057-4BAF-AED8-C291178BE95C}.Release|x86.ActiveCfg = Release|Any CPU
		{FECD0775-D057-4BAF-AED8-C291178BE95C}.Release|x86.Build.0 = Release|Any CPU
		{8B847F02-0834-4E38-A8B0-94B0B6B760AA}.Debug|Any CPU.ActiveCfg = Debug|Any CPU
		{8B847F02-0834-4E38-A8B0-94B0B6B760AA}.Debug|Any CPU.Build.0 = Debug|Any CPU
		{8B847F02-0834-4E38-A8B0-94B0B6B760AA}.Debug|x86.ActiveCfg = Debug|Any CPU
		{8B847F02-0834-4E38-A8B0-94B0B6B760AA}.Debug|x86.Build.0 = Debug|Any CPU
		{8B847F02-0834-4E38-A8B0-94B0B6B760AA}.Release|Any CPU.ActiveCfg = Release|Any CPU
		{8B847F02-0834-4E38-A8B0-94B0B6B760AA}.Release|Any CPU.Build.0 = Release|Any CPU
		{8B847F02-0834-4E38-A8B0-94B0B6B760AA}.Release|x86.ActiveCfg = Release|Any CPU
		{8B847F02-0834-4E38-A8B0-94B0B6B760AA}.Release|x86.Build.0 = Release|Any CPU
		{767EFC8A-B756-4001-A1B0-7AC9C060CF79}.Debug|Any CPU.ActiveCfg = Debug|Any CPU
		{767EFC8A-B756-4001-A1B0-7AC9C060CF79}.Debug|Any CPU.Build.0 = Debug|Any CPU
		{767EFC8A-B756-4001-A1B0-7AC9C060CF79}.Debug|x86.ActiveCfg = Debug|Any CPU
		{767EFC8A-B756-4001-A1B0-7AC9C060CF79}.Debug|x86.Build.0 = Debug|Any CPU
		{767EFC8A-B756-4001-A1B0-7AC9C060CF79}.Release|Any CPU.ActiveCfg = Release|Any CPU
		{767EFC8A-B756-4001-A1B0-7AC9C060CF79}.Release|Any CPU.Build.0 = Release|Any CPU
		{767EFC8A-B756-4001-A1B0-7AC9C060CF79}.Release|x86.ActiveCfg = Release|Any CPU
		{767EFC8A-B756-4001-A1B0-7AC9C060CF79}.Release|x86.Build.0 = Release|Any CPU
		{A6E13FBF-19B5-487F-A429-EF939165C1E7}.Debug|Any CPU.ActiveCfg = Debug|Any CPU
		{A6E13FBF-19B5-487F-A429-EF939165C1E7}.Debug|Any CPU.Build.0 = Debug|Any CPU
		{A6E13FBF-19B5-487F-A429-EF939165C1E7}.Debug|x86.ActiveCfg = Debug|Any CPU
		{A6E13FBF-19B5-487F-A429-EF939165C1E7}.Debug|x86.Build.0 = Debug|Any CPU
		{A6E13FBF-19B5-487F-A429-EF939165C1E7}.Release|Any CPU.ActiveCfg = Release|Any CPU
		{A6E13FBF-19B5-487F-A429-EF939165C1E7}.Release|Any CPU.Build.0 = Release|Any CPU
		{A6E13FBF-19B5-487F-A429-EF939165C1E7}.Release|x86.ActiveCfg = Release|Any CPU
		{A6E13FBF-19B5-487F-A429-EF939165C1E7}.Release|x86.Build.0 = Release|Any CPU
		{868B9BF3-1E5D-4077-BA65-E13409ED21B1}.Debug|Any CPU.ActiveCfg = Debug|Any CPU
		{868B9BF3-1E5D-4077-BA65-E13409ED21B1}.Debug|Any CPU.Build.0 = Debug|Any CPU
		{868B9BF3-1E5D-4077-BA65-E13409ED21B1}.Debug|x86.ActiveCfg = Debug|Any CPU
		{868B9BF3-1E5D-4077-BA65-E13409ED21B1}.Debug|x86.Build.0 = Debug|Any CPU
		{868B9BF3-1E5D-4077-BA65-E13409ED21B1}.Release|Any CPU.ActiveCfg = Release|Any CPU
		{868B9BF3-1E5D-4077-BA65-E13409ED21B1}.Release|Any CPU.Build.0 = Release|Any CPU
		{868B9BF3-1E5D-4077-BA65-E13409ED21B1}.Release|x86.ActiveCfg = Release|Any CPU
		{868B9BF3-1E5D-4077-BA65-E13409ED21B1}.Release|x86.Build.0 = Release|Any CPU
		{6D05A88C-57C7-402F-8F4D-89A202DAF1F8}.Debug|Any CPU.ActiveCfg = Debug|Any CPU
		{6D05A88C-57C7-402F-8F4D-89A202DAF1F8}.Debug|Any CPU.Build.0 = Debug|Any CPU
		{6D05A88C-57C7-402F-8F4D-89A202DAF1F8}.Debug|x86.ActiveCfg = Debug|Any CPU
		{6D05A88C-57C7-402F-8F4D-89A202DAF1F8}.Debug|x86.Build.0 = Debug|Any CPU
		{6D05A88C-57C7-402F-8F4D-89A202DAF1F8}.Release|Any CPU.ActiveCfg = Release|Any CPU
		{6D05A88C-57C7-402F-8F4D-89A202DAF1F8}.Release|Any CPU.Build.0 = Release|Any CPU
		{6D05A88C-57C7-402F-8F4D-89A202DAF1F8}.Release|x86.ActiveCfg = Release|Any CPU
		{6D05A88C-57C7-402F-8F4D-89A202DAF1F8}.Release|x86.Build.0 = Release|Any CPU
		{FE4F9A25-58A9-4783-87C8-233079FAA226}.Debug|Any CPU.ActiveCfg = Debug|Any CPU
		{FE4F9A25-58A9-4783-87C8-233079FAA226}.Debug|Any CPU.Build.0 = Debug|Any CPU
		{FE4F9A25-58A9-4783-87C8-233079FAA226}.Debug|x86.ActiveCfg = Debug|Any CPU
		{FE4F9A25-58A9-4783-87C8-233079FAA226}.Debug|x86.Build.0 = Debug|Any CPU
		{FE4F9A25-58A9-4783-87C8-233079FAA226}.Release|Any CPU.ActiveCfg = Release|Any CPU
		{FE4F9A25-58A9-4783-87C8-233079FAA226}.Release|Any CPU.Build.0 = Release|Any CPU
		{FE4F9A25-58A9-4783-87C8-233079FAA226}.Release|x86.ActiveCfg = Release|Any CPU
		{FE4F9A25-58A9-4783-87C8-233079FAA226}.Release|x86.Build.0 = Release|Any CPU
		{8992A3A1-3888-4005-A835-91CECFFA77B3}.Debug|Any CPU.ActiveCfg = Debug|Any CPU
		{8992A3A1-3888-4005-A835-91CECFFA77B3}.Debug|Any CPU.Build.0 = Debug|Any CPU
		{8992A3A1-3888-4005-A835-91CECFFA77B3}.Debug|x86.ActiveCfg = Debug|Any CPU
		{8992A3A1-3888-4005-A835-91CECFFA77B3}.Debug|x86.Build.0 = Debug|Any CPU
		{8992A3A1-3888-4005-A835-91CECFFA77B3}.Release|Any CPU.ActiveCfg = Release|Any CPU
		{8992A3A1-3888-4005-A835-91CECFFA77B3}.Release|Any CPU.Build.0 = Release|Any CPU
		{8992A3A1-3888-4005-A835-91CECFFA77B3}.Release|x86.ActiveCfg = Release|Any CPU
		{8992A3A1-3888-4005-A835-91CECFFA77B3}.Release|x86.Build.0 = Release|Any CPU
		{E0091C96-DA5D-4036-96DC-768ABC5FC2F4}.Debug|Any CPU.ActiveCfg = Debug|Any CPU
		{E0091C96-DA5D-4036-96DC-768ABC5FC2F4}.Debug|Any CPU.Build.0 = Debug|Any CPU
		{E0091C96-DA5D-4036-96DC-768ABC5FC2F4}.Debug|x86.ActiveCfg = Debug|Any CPU
		{E0091C96-DA5D-4036-96DC-768ABC5FC2F4}.Debug|x86.Build.0 = Debug|Any CPU
		{E0091C96-DA5D-4036-96DC-768ABC5FC2F4}.Release|Any CPU.ActiveCfg = Release|Any CPU
		{E0091C96-DA5D-4036-96DC-768ABC5FC2F4}.Release|Any CPU.Build.0 = Release|Any CPU
		{E0091C96-DA5D-4036-96DC-768ABC5FC2F4}.Release|x86.ActiveCfg = Release|Any CPU
		{E0091C96-DA5D-4036-96DC-768ABC5FC2F4}.Release|x86.Build.0 = Release|Any CPU
		{E7E254DD-5603-4C43-8132-52552118AF67}.Debug|Any CPU.ActiveCfg = Debug|Any CPU
		{E7E254DD-5603-4C43-8132-52552118AF67}.Debug|Any CPU.Build.0 = Debug|Any CPU
		{E7E254DD-5603-4C43-8132-52552118AF67}.Debug|x86.ActiveCfg = Debug|Any CPU
		{E7E254DD-5603-4C43-8132-52552118AF67}.Debug|x86.Build.0 = Debug|Any CPU
		{E7E254DD-5603-4C43-8132-52552118AF67}.Release|Any CPU.ActiveCfg = Release|Any CPU
		{E7E254DD-5603-4C43-8132-52552118AF67}.Release|Any CPU.Build.0 = Release|Any CPU
		{E7E254DD-5603-4C43-8132-52552118AF67}.Release|x86.ActiveCfg = Release|Any CPU
		{E7E254DD-5603-4C43-8132-52552118AF67}.Release|x86.Build.0 = Release|Any CPU
		{DFA65835-C6F0-43E5-AE1B-B16435E355A4}.Debug|Any CPU.ActiveCfg = Debug|Any CPU
		{DFA65835-C6F0-43E5-AE1B-B16435E355A4}.Debug|Any CPU.Build.0 = Debug|Any CPU
		{DFA65835-C6F0-43E5-AE1B-B16435E355A4}.Debug|x86.ActiveCfg = Debug|Any CPU
		{DFA65835-C6F0-43E5-AE1B-B16435E355A4}.Debug|x86.Build.0 = Debug|Any CPU
		{DFA65835-C6F0-43E5-AE1B-B16435E355A4}.Release|Any CPU.ActiveCfg = Release|Any CPU
		{DFA65835-C6F0-43E5-AE1B-B16435E355A4}.Release|Any CPU.Build.0 = Release|Any CPU
		{DFA65835-C6F0-43E5-AE1B-B16435E355A4}.Release|x86.ActiveCfg = Release|Any CPU
		{DFA65835-C6F0-43E5-AE1B-B16435E355A4}.Release|x86.Build.0 = Release|Any CPU
		{E27F8D00-3A68-4708-91A0-4440F651EF41}.Debug|Any CPU.ActiveCfg = Debug|Any CPU
		{E27F8D00-3A68-4708-91A0-4440F651EF41}.Debug|Any CPU.Build.0 = Debug|Any CPU
		{E27F8D00-3A68-4708-91A0-4440F651EF41}.Debug|x86.ActiveCfg = Debug|Any CPU
		{E27F8D00-3A68-4708-91A0-4440F651EF41}.Debug|x86.Build.0 = Debug|Any CPU
		{E27F8D00-3A68-4708-91A0-4440F651EF41}.Release|Any CPU.ActiveCfg = Release|Any CPU
		{E27F8D00-3A68-4708-91A0-4440F651EF41}.Release|Any CPU.Build.0 = Release|Any CPU
		{E27F8D00-3A68-4708-91A0-4440F651EF41}.Release|x86.ActiveCfg = Release|Any CPU
		{E27F8D00-3A68-4708-91A0-4440F651EF41}.Release|x86.Build.0 = Release|Any CPU
		{F0D9D607-D7B0-488E-901A-01FE04823392}.Debug|Any CPU.ActiveCfg = Debug|Any CPU
		{F0D9D607-D7B0-488E-901A-01FE04823392}.Debug|Any CPU.Build.0 = Debug|Any CPU
		{F0D9D607-D7B0-488E-901A-01FE04823392}.Debug|x86.ActiveCfg = Debug|Any CPU
		{F0D9D607-D7B0-488E-901A-01FE04823392}.Debug|x86.Build.0 = Debug|Any CPU
		{F0D9D607-D7B0-488E-901A-01FE04823392}.Release|Any CPU.ActiveCfg = Release|Any CPU
		{F0D9D607-D7B0-488E-901A-01FE04823392}.Release|Any CPU.Build.0 = Release|Any CPU
		{F0D9D607-D7B0-488E-901A-01FE04823392}.Release|x86.ActiveCfg = Release|Any CPU
		{F0D9D607-D7B0-488E-901A-01FE04823392}.Release|x86.Build.0 = Release|Any CPU
		{D5922C1B-A156-4F47-A070-B29DCB028443}.Debug|Any CPU.ActiveCfg = Debug|Any CPU
		{D5922C1B-A156-4F47-A070-B29DCB028443}.Debug|Any CPU.Build.0 = Debug|Any CPU
		{D5922C1B-A156-4F47-A070-B29DCB028443}.Debug|x86.ActiveCfg = Debug|Any CPU
		{D5922C1B-A156-4F47-A070-B29DCB028443}.Debug|x86.Build.0 = Debug|Any CPU
		{D5922C1B-A156-4F47-A070-B29DCB028443}.Release|Any CPU.ActiveCfg = Release|Any CPU
		{D5922C1B-A156-4F47-A070-B29DCB028443}.Release|Any CPU.Build.0 = Release|Any CPU
		{D5922C1B-A156-4F47-A070-B29DCB028443}.Release|x86.ActiveCfg = Release|Any CPU
		{D5922C1B-A156-4F47-A070-B29DCB028443}.Release|x86.Build.0 = Release|Any CPU
		{B18462F0-0069-4D3B-AC48-D2B3BA1E84CB}.Debug|Any CPU.ActiveCfg = Debug|Any CPU
		{B18462F0-0069-4D3B-AC48-D2B3BA1E84CB}.Debug|Any CPU.Build.0 = Debug|Any CPU
		{B18462F0-0069-4D3B-AC48-D2B3BA1E84CB}.Debug|x86.ActiveCfg = Debug|Any CPU
		{B18462F0-0069-4D3B-AC48-D2B3BA1E84CB}.Debug|x86.Build.0 = Debug|Any CPU
		{B18462F0-0069-4D3B-AC48-D2B3BA1E84CB}.Release|Any CPU.ActiveCfg = Release|Any CPU
		{B18462F0-0069-4D3B-AC48-D2B3BA1E84CB}.Release|Any CPU.Build.0 = Release|Any CPU
		{B18462F0-0069-4D3B-AC48-D2B3BA1E84CB}.Release|x86.ActiveCfg = Release|Any CPU
		{B18462F0-0069-4D3B-AC48-D2B3BA1E84CB}.Release|x86.Build.0 = Release|Any CPU
		{F5251913-F527-40C7-96A8-6C079E9B5897}.Debug|Any CPU.ActiveCfg = Debug|Any CPU
		{F5251913-F527-40C7-96A8-6C079E9B5897}.Debug|Any CPU.Build.0 = Debug|Any CPU
		{F5251913-F527-40C7-96A8-6C079E9B5897}.Debug|x86.ActiveCfg = Debug|Any CPU
		{F5251913-F527-40C7-96A8-6C079E9B5897}.Debug|x86.Build.0 = Debug|Any CPU
		{F5251913-F527-40C7-96A8-6C079E9B5897}.Release|Any CPU.ActiveCfg = Release|Any CPU
		{F5251913-F527-40C7-96A8-6C079E9B5897}.Release|Any CPU.Build.0 = Release|Any CPU
		{F5251913-F527-40C7-96A8-6C079E9B5897}.Release|x86.ActiveCfg = Release|Any CPU
		{F5251913-F527-40C7-96A8-6C079E9B5897}.Release|x86.Build.0 = Release|Any CPU
		{4F0CEAFF-E5D0-483F-86D6-8C8905912EE1}.Debug|Any CPU.ActiveCfg = Debug|Any CPU
		{4F0CEAFF-E5D0-483F-86D6-8C8905912EE1}.Debug|Any CPU.Build.0 = Debug|Any CPU
		{4F0CEAFF-E5D0-483F-86D6-8C8905912EE1}.Debug|x86.ActiveCfg = Debug|Any CPU
		{4F0CEAFF-E5D0-483F-86D6-8C8905912EE1}.Debug|x86.Build.0 = Debug|Any CPU
		{4F0CEAFF-E5D0-483F-86D6-8C8905912EE1}.Release|Any CPU.ActiveCfg = Release|Any CPU
		{4F0CEAFF-E5D0-483F-86D6-8C8905912EE1}.Release|Any CPU.Build.0 = Release|Any CPU
		{4F0CEAFF-E5D0-483F-86D6-8C8905912EE1}.Release|x86.ActiveCfg = Release|Any CPU
		{4F0CEAFF-E5D0-483F-86D6-8C8905912EE1}.Release|x86.Build.0 = Release|Any CPU
		{B85979CB-60CC-4149-96B4-7C9D112345A2}.Debug|Any CPU.ActiveCfg = Debug|Any CPU
		{B85979CB-60CC-4149-96B4-7C9D112345A2}.Debug|Any CPU.Build.0 = Debug|Any CPU
		{B85979CB-60CC-4149-96B4-7C9D112345A2}.Debug|x86.ActiveCfg = Debug|Any CPU
		{B85979CB-60CC-4149-96B4-7C9D112345A2}.Debug|x86.Build.0 = Debug|Any CPU
		{B85979CB-60CC-4149-96B4-7C9D112345A2}.Release|Any CPU.ActiveCfg = Release|Any CPU
		{B85979CB-60CC-4149-96B4-7C9D112345A2}.Release|Any CPU.Build.0 = Release|Any CPU
		{B85979CB-60CC-4149-96B4-7C9D112345A2}.Release|x86.ActiveCfg = Release|Any CPU
		{B85979CB-60CC-4149-96B4-7C9D112345A2}.Release|x86.Build.0 = Release|Any CPU
		{A927971B-7386-4288-9DB2-6A29DE339E3A}.Debug|Any CPU.ActiveCfg = Debug|Any CPU
		{A927971B-7386-4288-9DB2-6A29DE339E3A}.Debug|Any CPU.Build.0 = Debug|Any CPU
		{A927971B-7386-4288-9DB2-6A29DE339E3A}.Debug|x86.ActiveCfg = Debug|Any CPU
		{A927971B-7386-4288-9DB2-6A29DE339E3A}.Debug|x86.Build.0 = Debug|Any CPU
		{A927971B-7386-4288-9DB2-6A29DE339E3A}.Release|Any CPU.ActiveCfg = Release|Any CPU
		{A927971B-7386-4288-9DB2-6A29DE339E3A}.Release|Any CPU.Build.0 = Release|Any CPU
		{A927971B-7386-4288-9DB2-6A29DE339E3A}.Release|x86.ActiveCfg = Release|Any CPU
		{A927971B-7386-4288-9DB2-6A29DE339E3A}.Release|x86.Build.0 = Release|Any CPU
		{55A38193-5811-484C-B6A0-1453753691BD}.Debug|Any CPU.ActiveCfg = Debug|Any CPU
		{55A38193-5811-484C-B6A0-1453753691BD}.Debug|Any CPU.Build.0 = Debug|Any CPU
		{55A38193-5811-484C-B6A0-1453753691BD}.Debug|x86.ActiveCfg = Debug|Any CPU
		{55A38193-5811-484C-B6A0-1453753691BD}.Debug|x86.Build.0 = Debug|Any CPU
		{55A38193-5811-484C-B6A0-1453753691BD}.Release|Any CPU.ActiveCfg = Release|Any CPU
		{55A38193-5811-484C-B6A0-1453753691BD}.Release|Any CPU.Build.0 = Release|Any CPU
		{55A38193-5811-484C-B6A0-1453753691BD}.Release|x86.ActiveCfg = Release|Any CPU
		{55A38193-5811-484C-B6A0-1453753691BD}.Release|x86.Build.0 = Release|Any CPU
		{FF3A8259-7E1B-4105-8261-415D1BC52127}.Debug|Any CPU.ActiveCfg = Debug|Any CPU
		{FF3A8259-7E1B-4105-8261-415D1BC52127}.Debug|Any CPU.Build.0 = Debug|Any CPU
		{FF3A8259-7E1B-4105-8261-415D1BC52127}.Debug|x86.ActiveCfg = Debug|Any CPU
		{FF3A8259-7E1B-4105-8261-415D1BC52127}.Debug|x86.Build.0 = Debug|Any CPU
		{FF3A8259-7E1B-4105-8261-415D1BC52127}.Release|Any CPU.ActiveCfg = Release|Any CPU
		{FF3A8259-7E1B-4105-8261-415D1BC52127}.Release|Any CPU.Build.0 = Release|Any CPU
		{FF3A8259-7E1B-4105-8261-415D1BC52127}.Release|x86.ActiveCfg = Release|Any CPU
		{FF3A8259-7E1B-4105-8261-415D1BC52127}.Release|x86.Build.0 = Release|Any CPU
		{0A4AA5B2-D18E-4035-87EF-D40CCAD72411}.Debug|Any CPU.ActiveCfg = Debug|Any CPU
		{0A4AA5B2-D18E-4035-87EF-D40CCAD72411}.Debug|Any CPU.Build.0 = Debug|Any CPU
		{0A4AA5B2-D18E-4035-87EF-D40CCAD72411}.Debug|x86.ActiveCfg = Debug|Any CPU
		{0A4AA5B2-D18E-4035-87EF-D40CCAD72411}.Debug|x86.Build.0 = Debug|Any CPU
		{0A4AA5B2-D18E-4035-87EF-D40CCAD72411}.Release|Any CPU.ActiveCfg = Release|Any CPU
		{0A4AA5B2-D18E-4035-87EF-D40CCAD72411}.Release|Any CPU.Build.0 = Release|Any CPU
		{0A4AA5B2-D18E-4035-87EF-D40CCAD72411}.Release|x86.ActiveCfg = Release|Any CPU
		{0A4AA5B2-D18E-4035-87EF-D40CCAD72411}.Release|x86.Build.0 = Release|Any CPU
		{87E05308-9F37-4424-B23C-D928CD86756D}.Debug|Any CPU.ActiveCfg = Debug|Any CPU
		{87E05308-9F37-4424-B23C-D928CD86756D}.Debug|Any CPU.Build.0 = Debug|Any CPU
		{87E05308-9F37-4424-B23C-D928CD86756D}.Debug|x86.ActiveCfg = Debug|Any CPU
		{87E05308-9F37-4424-B23C-D928CD86756D}.Debug|x86.Build.0 = Debug|Any CPU
		{87E05308-9F37-4424-B23C-D928CD86756D}.Release|Any CPU.ActiveCfg = Release|Any CPU
		{87E05308-9F37-4424-B23C-D928CD86756D}.Release|Any CPU.Build.0 = Release|Any CPU
		{87E05308-9F37-4424-B23C-D928CD86756D}.Release|x86.ActiveCfg = Release|Any CPU
		{87E05308-9F37-4424-B23C-D928CD86756D}.Release|x86.Build.0 = Release|Any CPU
		{132A3CA8-74D4-4874-9F90-E00A4BC6B244}.Debug|Any CPU.ActiveCfg = Debug|Any CPU
		{132A3CA8-74D4-4874-9F90-E00A4BC6B244}.Debug|Any CPU.Build.0 = Debug|Any CPU
		{132A3CA8-74D4-4874-9F90-E00A4BC6B244}.Debug|x86.ActiveCfg = Debug|Any CPU
		{132A3CA8-74D4-4874-9F90-E00A4BC6B244}.Debug|x86.Build.0 = Debug|Any CPU
		{132A3CA8-74D4-4874-9F90-E00A4BC6B244}.Release|Any CPU.ActiveCfg = Release|Any CPU
		{132A3CA8-74D4-4874-9F90-E00A4BC6B244}.Release|Any CPU.Build.0 = Release|Any CPU
		{132A3CA8-74D4-4874-9F90-E00A4BC6B244}.Release|x86.ActiveCfg = Release|Any CPU
		{132A3CA8-74D4-4874-9F90-E00A4BC6B244}.Release|x86.Build.0 = Release|Any CPU
		{08DF14C9-0FC0-4097-933E-69BE05785B0E}.Debug|Any CPU.ActiveCfg = Debug|Any CPU
		{08DF14C9-0FC0-4097-933E-69BE05785B0E}.Debug|Any CPU.Build.0 = Debug|Any CPU
		{08DF14C9-0FC0-4097-933E-69BE05785B0E}.Debug|x86.ActiveCfg = Debug|Any CPU
		{08DF14C9-0FC0-4097-933E-69BE05785B0E}.Debug|x86.Build.0 = Debug|Any CPU
		{08DF14C9-0FC0-4097-933E-69BE05785B0E}.Release|Any CPU.ActiveCfg = Release|Any CPU
		{08DF14C9-0FC0-4097-933E-69BE05785B0E}.Release|Any CPU.Build.0 = Release|Any CPU
		{08DF14C9-0FC0-4097-933E-69BE05785B0E}.Release|x86.ActiveCfg = Release|Any CPU
		{08DF14C9-0FC0-4097-933E-69BE05785B0E}.Release|x86.Build.0 = Release|Any CPU
		{C57B69AC-A017-41B8-8D5A-464646B326BF}.Debug|Any CPU.ActiveCfg = Debug|Any CPU
		{C57B69AC-A017-41B8-8D5A-464646B326BF}.Debug|Any CPU.Build.0 = Debug|Any CPU
		{C57B69AC-A017-41B8-8D5A-464646B326BF}.Debug|x86.ActiveCfg = Debug|Any CPU
		{C57B69AC-A017-41B8-8D5A-464646B326BF}.Debug|x86.Build.0 = Debug|Any CPU
		{C57B69AC-A017-41B8-8D5A-464646B326BF}.Release|Any CPU.ActiveCfg = Release|Any CPU
		{C57B69AC-A017-41B8-8D5A-464646B326BF}.Release|Any CPU.Build.0 = Release|Any CPU
		{C57B69AC-A017-41B8-8D5A-464646B326BF}.Release|x86.ActiveCfg = Release|Any CPU
		{C57B69AC-A017-41B8-8D5A-464646B326BF}.Release|x86.Build.0 = Release|Any CPU
		{A5E42968-76E9-4FEC-9FC0-765C572B245D}.Debug|Any CPU.ActiveCfg = Debug|Any CPU
		{A5E42968-76E9-4FEC-9FC0-765C572B245D}.Debug|Any CPU.Build.0 = Debug|Any CPU
		{A5E42968-76E9-4FEC-9FC0-765C572B245D}.Debug|x86.ActiveCfg = Debug|Any CPU
		{A5E42968-76E9-4FEC-9FC0-765C572B245D}.Debug|x86.Build.0 = Debug|Any CPU
		{A5E42968-76E9-4FEC-9FC0-765C572B245D}.Release|Any CPU.ActiveCfg = Release|Any CPU
		{A5E42968-76E9-4FEC-9FC0-765C572B245D}.Release|Any CPU.Build.0 = Release|Any CPU
		{A5E42968-76E9-4FEC-9FC0-765C572B245D}.Release|x86.ActiveCfg = Release|Any CPU
		{A5E42968-76E9-4FEC-9FC0-765C572B245D}.Release|x86.Build.0 = Release|Any CPU
		{A882004F-EAB1-4E69-ABC7-5D1F516EEFA4}.Debug|Any CPU.ActiveCfg = Debug|Any CPU
		{A882004F-EAB1-4E69-ABC7-5D1F516EEFA4}.Debug|Any CPU.Build.0 = Debug|Any CPU
		{A882004F-EAB1-4E69-ABC7-5D1F516EEFA4}.Debug|x86.ActiveCfg = Debug|Any CPU
		{A882004F-EAB1-4E69-ABC7-5D1F516EEFA4}.Debug|x86.Build.0 = Debug|Any CPU
		{A882004F-EAB1-4E69-ABC7-5D1F516EEFA4}.Release|Any CPU.ActiveCfg = Release|Any CPU
		{A882004F-EAB1-4E69-ABC7-5D1F516EEFA4}.Release|Any CPU.Build.0 = Release|Any CPU
		{A882004F-EAB1-4E69-ABC7-5D1F516EEFA4}.Release|x86.ActiveCfg = Release|Any CPU
		{A882004F-EAB1-4E69-ABC7-5D1F516EEFA4}.Release|x86.Build.0 = Release|Any CPU
		{7415E063-D6DA-4DB0-95F7-1146A368416D}.Debug|Any CPU.ActiveCfg = Debug|Any CPU
		{7415E063-D6DA-4DB0-95F7-1146A368416D}.Debug|Any CPU.Build.0 = Debug|Any CPU
		{7415E063-D6DA-4DB0-95F7-1146A368416D}.Debug|x86.ActiveCfg = Debug|Any CPU
		{7415E063-D6DA-4DB0-95F7-1146A368416D}.Debug|x86.Build.0 = Debug|Any CPU
		{7415E063-D6DA-4DB0-95F7-1146A368416D}.Release|Any CPU.ActiveCfg = Release|Any CPU
		{7415E063-D6DA-4DB0-95F7-1146A368416D}.Release|Any CPU.Build.0 = Release|Any CPU
		{7415E063-D6DA-4DB0-95F7-1146A368416D}.Release|x86.ActiveCfg = Release|Any CPU
		{7415E063-D6DA-4DB0-95F7-1146A368416D}.Release|x86.Build.0 = Release|Any CPU
		{818F717E-D1CD-4AF5-947D-B9E6D9DE7FF9}.Debug|Any CPU.ActiveCfg = Debug|Any CPU
		{818F717E-D1CD-4AF5-947D-B9E6D9DE7FF9}.Debug|Any CPU.Build.0 = Debug|Any CPU
		{818F717E-D1CD-4AF5-947D-B9E6D9DE7FF9}.Debug|x86.ActiveCfg = Debug|Any CPU
		{818F717E-D1CD-4AF5-947D-B9E6D9DE7FF9}.Debug|x86.Build.0 = Debug|Any CPU
		{818F717E-D1CD-4AF5-947D-B9E6D9DE7FF9}.Release|Any CPU.ActiveCfg = Release|Any CPU
		{818F717E-D1CD-4AF5-947D-B9E6D9DE7FF9}.Release|Any CPU.Build.0 = Release|Any CPU
		{818F717E-D1CD-4AF5-947D-B9E6D9DE7FF9}.Release|x86.ActiveCfg = Release|Any CPU
		{818F717E-D1CD-4AF5-947D-B9E6D9DE7FF9}.Release|x86.Build.0 = Release|Any CPU
		{8DBFAAAD-67F7-4F32-A099-B50C6BEDCA2E}.Debug|Any CPU.ActiveCfg = Debug|Any CPU
		{8DBFAAAD-67F7-4F32-A099-B50C6BEDCA2E}.Debug|Any CPU.Build.0 = Debug|Any CPU
		{8DBFAAAD-67F7-4F32-A099-B50C6BEDCA2E}.Debug|x86.ActiveCfg = Debug|Any CPU
		{8DBFAAAD-67F7-4F32-A099-B50C6BEDCA2E}.Debug|x86.Build.0 = Debug|Any CPU
		{8DBFAAAD-67F7-4F32-A099-B50C6BEDCA2E}.Release|Any CPU.ActiveCfg = Release|Any CPU
		{8DBFAAAD-67F7-4F32-A099-B50C6BEDCA2E}.Release|Any CPU.Build.0 = Release|Any CPU
		{8DBFAAAD-67F7-4F32-A099-B50C6BEDCA2E}.Release|x86.ActiveCfg = Release|Any CPU
		{8DBFAAAD-67F7-4F32-A099-B50C6BEDCA2E}.Release|x86.Build.0 = Release|Any CPU
		{8F196E84-ECA5-428A-AA7C-5EBFAFAC45BD}.Debug|Any CPU.ActiveCfg = Debug|Any CPU
		{8F196E84-ECA5-428A-AA7C-5EBFAFAC45BD}.Debug|Any CPU.Build.0 = Debug|Any CPU
		{8F196E84-ECA5-428A-AA7C-5EBFAFAC45BD}.Debug|x86.ActiveCfg = Debug|Any CPU
		{8F196E84-ECA5-428A-AA7C-5EBFAFAC45BD}.Debug|x86.Build.0 = Debug|Any CPU
		{8F196E84-ECA5-428A-AA7C-5EBFAFAC45BD}.Release|Any CPU.ActiveCfg = Release|Any CPU
		{8F196E84-ECA5-428A-AA7C-5EBFAFAC45BD}.Release|Any CPU.Build.0 = Release|Any CPU
		{8F196E84-ECA5-428A-AA7C-5EBFAFAC45BD}.Release|x86.ActiveCfg = Release|Any CPU
		{8F196E84-ECA5-428A-AA7C-5EBFAFAC45BD}.Release|x86.Build.0 = Release|Any CPU
		{2EE4433B-F191-4144-A777-BFBB0CC0F868}.Debug|Any CPU.ActiveCfg = Debug|Any CPU
		{2EE4433B-F191-4144-A777-BFBB0CC0F868}.Debug|Any CPU.Build.0 = Debug|Any CPU
		{2EE4433B-F191-4144-A777-BFBB0CC0F868}.Debug|x86.ActiveCfg = Debug|Any CPU
		{2EE4433B-F191-4144-A777-BFBB0CC0F868}.Debug|x86.Build.0 = Debug|Any CPU
		{2EE4433B-F191-4144-A777-BFBB0CC0F868}.Release|Any CPU.ActiveCfg = Release|Any CPU
		{2EE4433B-F191-4144-A777-BFBB0CC0F868}.Release|Any CPU.Build.0 = Release|Any CPU
		{2EE4433B-F191-4144-A777-BFBB0CC0F868}.Release|x86.ActiveCfg = Release|Any CPU
		{2EE4433B-F191-4144-A777-BFBB0CC0F868}.Release|x86.Build.0 = Release|Any CPU
		{65C91E37-695F-40A4-8B04-3D82494C6F6A}.Debug|Any CPU.ActiveCfg = Debug|Any CPU
		{65C91E37-695F-40A4-8B04-3D82494C6F6A}.Debug|Any CPU.Build.0 = Debug|Any CPU
		{65C91E37-695F-40A4-8B04-3D82494C6F6A}.Debug|x86.ActiveCfg = Debug|Any CPU
		{65C91E37-695F-40A4-8B04-3D82494C6F6A}.Debug|x86.Build.0 = Debug|Any CPU
		{65C91E37-695F-40A4-8B04-3D82494C6F6A}.Release|Any CPU.ActiveCfg = Release|Any CPU
		{65C91E37-695F-40A4-8B04-3D82494C6F6A}.Release|Any CPU.Build.0 = Release|Any CPU
		{65C91E37-695F-40A4-8B04-3D82494C6F6A}.Release|x86.ActiveCfg = Release|Any CPU
		{65C91E37-695F-40A4-8B04-3D82494C6F6A}.Release|x86.Build.0 = Release|Any CPU
		{DD71F076-1078-4415-8DB7-B4375F42248F}.Debug|Any CPU.ActiveCfg = Debug|Any CPU
		{DD71F076-1078-4415-8DB7-B4375F42248F}.Debug|Any CPU.Build.0 = Debug|Any CPU
		{DD71F076-1078-4415-8DB7-B4375F42248F}.Debug|x86.ActiveCfg = Debug|Any CPU
		{DD71F076-1078-4415-8DB7-B4375F42248F}.Debug|x86.Build.0 = Debug|Any CPU
		{DD71F076-1078-4415-8DB7-B4375F42248F}.Release|Any CPU.ActiveCfg = Release|Any CPU
		{DD71F076-1078-4415-8DB7-B4375F42248F}.Release|Any CPU.Build.0 = Release|Any CPU
		{DD71F076-1078-4415-8DB7-B4375F42248F}.Release|x86.ActiveCfg = Release|Any CPU
		{DD71F076-1078-4415-8DB7-B4375F42248F}.Release|x86.Build.0 = Release|Any CPU
		{7DBE08F6-2CE9-4CEE-B7C8-F52109E0363B}.Debug|Any CPU.ActiveCfg = Debug|x86
		{7DBE08F6-2CE9-4CEE-B7C8-F52109E0363B}.Debug|x86.ActiveCfg = Debug|x86
		{7DBE08F6-2CE9-4CEE-B7C8-F52109E0363B}.Debug|x86.Build.0 = Debug|x86
		{7DBE08F6-2CE9-4CEE-B7C8-F52109E0363B}.Release|Any CPU.ActiveCfg = Release|x86
		{7DBE08F6-2CE9-4CEE-B7C8-F52109E0363B}.Release|x86.ActiveCfg = Release|x86
		{7DBE08F6-2CE9-4CEE-B7C8-F52109E0363B}.Release|x86.Build.0 = Release|x86
		{F80DAE23-E7A6-4FE2-9BD0-6BE7D92D1919}.Debug|Any CPU.ActiveCfg = Debug|Any CPU
		{F80DAE23-E7A6-4FE2-9BD0-6BE7D92D1919}.Debug|Any CPU.Build.0 = Debug|Any CPU
		{F80DAE23-E7A6-4FE2-9BD0-6BE7D92D1919}.Debug|x86.ActiveCfg = Debug|Any CPU
		{F80DAE23-E7A6-4FE2-9BD0-6BE7D92D1919}.Debug|x86.Build.0 = Debug|Any CPU
		{F80DAE23-E7A6-4FE2-9BD0-6BE7D92D1919}.Release|Any CPU.ActiveCfg = Release|Any CPU
		{F80DAE23-E7A6-4FE2-9BD0-6BE7D92D1919}.Release|Any CPU.Build.0 = Release|Any CPU
		{F80DAE23-E7A6-4FE2-9BD0-6BE7D92D1919}.Release|x86.ActiveCfg = Release|Any CPU
		{F80DAE23-E7A6-4FE2-9BD0-6BE7D92D1919}.Release|x86.Build.0 = Release|Any CPU
		{CE306588-53E7-49A2-9E32-7B018ACCF38E}.Debug|Any CPU.ActiveCfg = Debug|Any CPU
		{CE306588-53E7-49A2-9E32-7B018ACCF38E}.Debug|Any CPU.Build.0 = Debug|Any CPU
		{CE306588-53E7-49A2-9E32-7B018ACCF38E}.Debug|x86.ActiveCfg = Debug|Any CPU
		{CE306588-53E7-49A2-9E32-7B018ACCF38E}.Debug|x86.Build.0 = Debug|Any CPU
		{CE306588-53E7-49A2-9E32-7B018ACCF38E}.Release|Any CPU.ActiveCfg = Release|Any CPU
		{CE306588-53E7-49A2-9E32-7B018ACCF38E}.Release|Any CPU.Build.0 = Release|Any CPU
		{CE306588-53E7-49A2-9E32-7B018ACCF38E}.Release|x86.ActiveCfg = Release|Any CPU
		{CE306588-53E7-49A2-9E32-7B018ACCF38E}.Release|x86.Build.0 = Release|Any CPU
		{A02E3F38-D91C-4A78-8BBD-D736D90C286A}.Debug|Any CPU.ActiveCfg = Debug|x86
		{A02E3F38-D91C-4A78-8BBD-D736D90C286A}.Debug|x86.ActiveCfg = Debug|x86
		{A02E3F38-D91C-4A78-8BBD-D736D90C286A}.Debug|x86.Build.0 = Debug|x86
		{A02E3F38-D91C-4A78-8BBD-D736D90C286A}.Release|Any CPU.ActiveCfg = Release|x86
		{A02E3F38-D91C-4A78-8BBD-D736D90C286A}.Release|x86.ActiveCfg = Release|x86
		{A02E3F38-D91C-4A78-8BBD-D736D90C286A}.Release|x86.Build.0 = Release|x86
		{DF0C25B6-AE49-491C-89C9-6E89716C2A14}.Debug|Any CPU.ActiveCfg = Debug|Any CPU
		{DF0C25B6-AE49-491C-89C9-6E89716C2A14}.Debug|Any CPU.Build.0 = Debug|Any CPU
		{DF0C25B6-AE49-491C-89C9-6E89716C2A14}.Debug|x86.ActiveCfg = Debug|Any CPU
		{DF0C25B6-AE49-491C-89C9-6E89716C2A14}.Debug|x86.Build.0 = Debug|Any CPU
		{DF0C25B6-AE49-491C-89C9-6E89716C2A14}.Release|Any CPU.ActiveCfg = Release|Any CPU
		{DF0C25B6-AE49-491C-89C9-6E89716C2A14}.Release|Any CPU.Build.0 = Release|Any CPU
		{DF0C25B6-AE49-491C-89C9-6E89716C2A14}.Release|x86.ActiveCfg = Release|Any CPU
		{DF0C25B6-AE49-491C-89C9-6E89716C2A14}.Release|x86.Build.0 = Release|Any CPU
		{4EDC8E30-4105-4431-9712-690C1148D982}.Debug|Any CPU.ActiveCfg = Debug|Any CPU
		{4EDC8E30-4105-4431-9712-690C1148D982}.Debug|Any CPU.Build.0 = Debug|Any CPU
		{4EDC8E30-4105-4431-9712-690C1148D982}.Debug|x86.ActiveCfg = Debug|Any CPU
		{4EDC8E30-4105-4431-9712-690C1148D982}.Debug|x86.Build.0 = Debug|Any CPU
		{4EDC8E30-4105-4431-9712-690C1148D982}.Release|Any CPU.ActiveCfg = Release|Any CPU
		{4EDC8E30-4105-4431-9712-690C1148D982}.Release|Any CPU.Build.0 = Release|Any CPU
		{4EDC8E30-4105-4431-9712-690C1148D982}.Release|x86.ActiveCfg = Release|Any CPU
		{4EDC8E30-4105-4431-9712-690C1148D982}.Release|x86.Build.0 = Release|Any CPU
		{F73474BE-29F8-407D-9F1D-2918E524107A}.Debug|Any CPU.ActiveCfg = Debug|x86
		{F73474BE-29F8-407D-9F1D-2918E524107A}.Debug|x86.ActiveCfg = Debug|x86
		{F73474BE-29F8-407D-9F1D-2918E524107A}.Debug|x86.Build.0 = Debug|x86
		{F73474BE-29F8-407D-9F1D-2918E524107A}.Release|Any CPU.ActiveCfg = Release|x86
		{F73474BE-29F8-407D-9F1D-2918E524107A}.Release|x86.ActiveCfg = Release|x86
		{F73474BE-29F8-407D-9F1D-2918E524107A}.Release|x86.Build.0 = Release|x86
		{CE4043A7-0693-4EB1-9E85-77B2605DA9CD}.Debug|Any CPU.ActiveCfg = Debug|Any CPU
		{CE4043A7-0693-4EB1-9E85-77B2605DA9CD}.Debug|Any CPU.Build.0 = Debug|Any CPU
		{CE4043A7-0693-4EB1-9E85-77B2605DA9CD}.Debug|x86.ActiveCfg = Debug|Any CPU
		{CE4043A7-0693-4EB1-9E85-77B2605DA9CD}.Debug|x86.Build.0 = Debug|Any CPU
		{CE4043A7-0693-4EB1-9E85-77B2605DA9CD}.Release|Any CPU.ActiveCfg = Release|Any CPU
		{CE4043A7-0693-4EB1-9E85-77B2605DA9CD}.Release|Any CPU.Build.0 = Release|Any CPU
		{CE4043A7-0693-4EB1-9E85-77B2605DA9CD}.Release|x86.ActiveCfg = Release|Any CPU
		{CE4043A7-0693-4EB1-9E85-77B2605DA9CD}.Release|x86.Build.0 = Release|Any CPU
		{3172F151-4AC3-4916-A30F-3F86E74F7597}.Debug|Any CPU.ActiveCfg = Debug|Any CPU
		{3172F151-4AC3-4916-A30F-3F86E74F7597}.Debug|Any CPU.Build.0 = Debug|Any CPU
		{3172F151-4AC3-4916-A30F-3F86E74F7597}.Debug|x86.ActiveCfg = Debug|Any CPU
		{3172F151-4AC3-4916-A30F-3F86E74F7597}.Debug|x86.Build.0 = Debug|Any CPU
		{3172F151-4AC3-4916-A30F-3F86E74F7597}.Release|Any CPU.ActiveCfg = Release|Any CPU
		{3172F151-4AC3-4916-A30F-3F86E74F7597}.Release|Any CPU.Build.0 = Release|Any CPU
		{3172F151-4AC3-4916-A30F-3F86E74F7597}.Release|x86.ActiveCfg = Release|Any CPU
		{3172F151-4AC3-4916-A30F-3F86E74F7597}.Release|x86.Build.0 = Release|Any CPU
		{C8021FFE-3775-40F0-9279-8C2B9D5ABEA0}.Debug|Any CPU.ActiveCfg = Debug|x86
		{C8021FFE-3775-40F0-9279-8C2B9D5ABEA0}.Debug|x86.ActiveCfg = Debug|x86
		{C8021FFE-3775-40F0-9279-8C2B9D5ABEA0}.Debug|x86.Build.0 = Debug|x86
		{C8021FFE-3775-40F0-9279-8C2B9D5ABEA0}.Release|Any CPU.ActiveCfg = Release|x86
		{C8021FFE-3775-40F0-9279-8C2B9D5ABEA0}.Release|x86.ActiveCfg = Release|x86
		{C8021FFE-3775-40F0-9279-8C2B9D5ABEA0}.Release|x86.Build.0 = Release|x86
		{8E3FA03C-99C1-4045-A85E-22837BB929B5}.Debug|Any CPU.ActiveCfg = Debug|Any CPU
		{8E3FA03C-99C1-4045-A85E-22837BB929B5}.Debug|Any CPU.Build.0 = Debug|Any CPU
		{8E3FA03C-99C1-4045-A85E-22837BB929B5}.Debug|x86.ActiveCfg = Debug|Any CPU
		{8E3FA03C-99C1-4045-A85E-22837BB929B5}.Debug|x86.Build.0 = Debug|Any CPU
		{8E3FA03C-99C1-4045-A85E-22837BB929B5}.Release|Any CPU.ActiveCfg = Release|Any CPU
		{8E3FA03C-99C1-4045-A85E-22837BB929B5}.Release|Any CPU.Build.0 = Release|Any CPU
		{8E3FA03C-99C1-4045-A85E-22837BB929B5}.Release|x86.ActiveCfg = Release|Any CPU
		{8E3FA03C-99C1-4045-A85E-22837BB929B5}.Release|x86.Build.0 = Release|Any CPU
		{A7B18679-1BD7-46EC-B6E3-49582B0A0C94}.Debug|Any CPU.ActiveCfg = Debug|Any CPU
		{A7B18679-1BD7-46EC-B6E3-49582B0A0C94}.Debug|Any CPU.Build.0 = Debug|Any CPU
		{A7B18679-1BD7-46EC-B6E3-49582B0A0C94}.Debug|x86.ActiveCfg = Debug|Any CPU
		{A7B18679-1BD7-46EC-B6E3-49582B0A0C94}.Debug|x86.Build.0 = Debug|Any CPU
		{A7B18679-1BD7-46EC-B6E3-49582B0A0C94}.Release|Any CPU.ActiveCfg = Release|Any CPU
		{A7B18679-1BD7-46EC-B6E3-49582B0A0C94}.Release|Any CPU.Build.0 = Release|Any CPU
		{A7B18679-1BD7-46EC-B6E3-49582B0A0C94}.Release|x86.ActiveCfg = Release|Any CPU
		{A7B18679-1BD7-46EC-B6E3-49582B0A0C94}.Release|x86.Build.0 = Release|Any CPU
		{79C05144-D0B6-40C7-92E6-F556F23D6BC7}.Debug|Any CPU.ActiveCfg = Debug|x86
		{79C05144-D0B6-40C7-92E6-F556F23D6BC7}.Debug|x86.ActiveCfg = Debug|x86
		{79C05144-D0B6-40C7-92E6-F556F23D6BC7}.Debug|x86.Build.0 = Debug|x86
		{79C05144-D0B6-40C7-92E6-F556F23D6BC7}.Release|Any CPU.ActiveCfg = Release|x86
		{79C05144-D0B6-40C7-92E6-F556F23D6BC7}.Release|x86.ActiveCfg = Release|x86
		{79C05144-D0B6-40C7-92E6-F556F23D6BC7}.Release|x86.Build.0 = Release|x86
		{B29CC444-C9B7-4EE2-8C59-6B5EDA23A279}.Debug|Any CPU.ActiveCfg = Debug|Any CPU
		{B29CC444-C9B7-4EE2-8C59-6B5EDA23A279}.Debug|Any CPU.Build.0 = Debug|Any CPU
		{B29CC444-C9B7-4EE2-8C59-6B5EDA23A279}.Debug|x86.ActiveCfg = Debug|Any CPU
		{B29CC444-C9B7-4EE2-8C59-6B5EDA23A279}.Debug|x86.Build.0 = Debug|Any CPU
		{B29CC444-C9B7-4EE2-8C59-6B5EDA23A279}.Release|Any CPU.ActiveCfg = Release|Any CPU
		{B29CC444-C9B7-4EE2-8C59-6B5EDA23A279}.Release|Any CPU.Build.0 = Release|Any CPU
		{B29CC444-C9B7-4EE2-8C59-6B5EDA23A279}.Release|x86.ActiveCfg = Release|Any CPU
		{B29CC444-C9B7-4EE2-8C59-6B5EDA23A279}.Release|x86.Build.0 = Release|Any CPU
		{433D6ACA-48C5-4A1E-8307-21066CC2C219}.Debug|Any CPU.ActiveCfg = Debug|Any CPU
		{433D6ACA-48C5-4A1E-8307-21066CC2C219}.Debug|Any CPU.Build.0 = Debug|Any CPU
		{433D6ACA-48C5-4A1E-8307-21066CC2C219}.Debug|x86.ActiveCfg = Debug|Any CPU
		{433D6ACA-48C5-4A1E-8307-21066CC2C219}.Debug|x86.Build.0 = Debug|Any CPU
		{433D6ACA-48C5-4A1E-8307-21066CC2C219}.Release|Any CPU.ActiveCfg = Release|Any CPU
		{433D6ACA-48C5-4A1E-8307-21066CC2C219}.Release|Any CPU.Build.0 = Release|Any CPU
		{433D6ACA-48C5-4A1E-8307-21066CC2C219}.Release|x86.ActiveCfg = Release|Any CPU
		{433D6ACA-48C5-4A1E-8307-21066CC2C219}.Release|x86.Build.0 = Release|Any CPU
	EndGlobalSection
	GlobalSection(SolutionProperties) = preSolution
		HideSolutionNode = FALSE
	EndGlobalSection
	GlobalSection(ExtensibilityGlobals) = postSolution
		SolutionGuid = {6FA398F4-A071-4E57-AD17-BF754077DA1C}
	EndGlobalSection
EndGlobal
